
Microsoft Visual Studio Solution File, Format Version 12.00
# Visual Studio Version 16
VisualStudioVersion = 16.0.31019.35
MinimumVisualStudioVersion = 10.0.40219.1
Project("{FAE04EC0-301F-11D3-BF4B-00C04F79EFBC}") = "Presentation", "Presentation\Presentation.csproj", "{BAE1B867-F14A-4A34-94D8-C89D84B6FF52}"
EndProject
Project("{FAE04EC0-301F-11D3-BF4B-00C04F79EFBC}") = "Domain", "Domain\Domain.csproj", "{ADB7BA23-D8E3-4A25-8AEA-2110CE735FDA}"
EndProject
Project("{FAE04EC0-301F-11D3-BF4B-00C04F79EFBC}") = "DataAccess", "DataAccess\DataAccess.csproj", "{2A177BDC-89FA-43C6-897A-E5E4AF11976C}"
EndProject
Global
	GlobalSection(SolutionConfigurationPlatforms) = preSolution
		Debug|Any CPU = Debug|Any CPU
		Release|Any CPU = Release|Any CPU
	EndGlobalSection
	GlobalSection(ProjectConfigurationPlatforms) = postSolution
		{BAE1B867-F14A-4A34-94D8-C89D84B6FF52}.Debug|Any CPU.ActiveCfg = Debug|Any CPU
		{BAE1B867-F14A-4A34-94D8-C89D84B6FF52}.Debug|Any CPU.Build.0 = Debug|Any CPU
		{BAE1B867-F14A-4A34-94D8-C89D84B6FF52}.Release|Any CPU.ActiveCfg = Release|Any CPU
		{BAE1B867-F14A-4A34-94D8-C89D84B6FF52}.Release|Any CPU.Build.0 = Release|Any CPU
		{ADB7BA23-D8E3-4A25-8AEA-2110CE735FDA}.Debug|Any CPU.ActiveCfg = Debug|Any CPU
		{ADB7BA23-D8E3-4A25-8AEA-2110CE735FDA}.Debug|Any CPU.Build.0 = Debug|Any CPU
		{ADB7BA23-D8E3-4A25-8AEA-2110CE735FDA}.Release|Any CPU.ActiveCfg = Release|Any CPU
		{ADB7BA23-D8E3-4A25-8AEA-2110CE735FDA}.Release|Any CPU.Build.0 = Release|Any CPU
		{2A177BDC-89FA-43C6-897A-E5E4AF11976C}.Debug|Any CPU.ActiveCfg = Debug|Any CPU
		{2A177BDC-89FA-43C6-897A-E5E4AF11976C}.Debug|Any CPU.Build.0 = Debug|Any CPU
		{2A177BDC-89FA-43C6-897A-E5E4AF11976C}.Release|Any CPU.ActiveCfg = Release|Any CPU
		{2A177BDC-89FA-43C6-897A-E5E4AF11976C}.Release|Any CPU.Build.0 = Release|Any CPU
	EndGlobalSection
	GlobalSection(SolutionProperties) = preSolution
		HideSolutionNode = FALSE
	EndGlobalSection
	GlobalSection(ExtensibilityGlobals) = postSolution
		SolutionGuid = {7742FE56-3A83-4DEC-90FA-9BA11774AC8D}
	EndGlobalSection
EndGlobal
